// !$*UTF8*$!
{
	archiveVersion = 1;
	classes = {
	};
	objectVersion = 46;
	objects = {

/* Begin PBXBuildFile section */
		A77832FE177A43EA006215FE /* AppDelegate.m in Sources */ = {isa = PBXBuildFile; fileRef = A77832FD177A43EA006215FE /* AppDelegate.m */; };
		A7783308177A5A78006215FE /* CreateAccountViewController.m in Sources */ = {isa = PBXBuildFile; fileRef = A7783306177A5A78006215FE /* CreateAccountViewController.m */; };
		A7783309177A5A78006215FE /* CreateAccountViewController.xib in Resources */ = {isa = PBXBuildFile; fileRef = A7783307177A5A78006215FE /* CreateAccountViewController.xib */; };
		A778330E177A5B8C006215FE /* SignInViewController.m in Sources */ = {isa = PBXBuildFile; fileRef = A778330C177A5B8C006215FE /* SignInViewController.m */; };
		A778330F177A5B8C006215FE /* SignInViewController.xib in Resources */ = {isa = PBXBuildFile; fileRef = A778330D177A5B8C006215FE /* SignInViewController.xib */; };
		A7783314177A5BFF006215FE /* LockerHomeViewController.m in Sources */ = {isa = PBXBuildFile; fileRef = A7783312177A5BFF006215FE /* LockerHomeViewController.m */; };
		A7783315177A5BFF006215FE /* LockerHomeViewController.xib in Resources */ = {isa = PBXBuildFile; fileRef = A7783313177A5BFF006215FE /* LockerHomeViewController.xib */; };
		A778331A177A5C37006215FE /* SettingsViewController.m in Sources */ = {isa = PBXBuildFile; fileRef = A7783318177A5C37006215FE /* SettingsViewController.m */; };
		A778331B177A5C37006215FE /* SettingsViewController.xib in Resources */ = {isa = PBXBuildFile; fileRef = A7783319177A5C37006215FE /* SettingsViewController.xib */; };
		A7783320177B6E96006215FE /* NewRelicAgent.framework in Frameworks */ = {isa = PBXBuildFile; fileRef = A778331F177B6E96006215FE /* NewRelicAgent.framework */; };
		A7783337177BD3D0006215FE /* PasswordFeedViewController.m in Sources */ = {isa = PBXBuildFile; fileRef = A7783335177BD3D0006215FE /* PasswordFeedViewController.m */; };
		A7783338177BD3D0006215FE /* PasswordFeedViewController.xib in Resources */ = {isa = PBXBuildFile; fileRef = A7783336177BD3D0006215FE /* PasswordFeedViewController.xib */; };
		A778333D177BD8C7006215FE /* AddLockerViewController.m in Sources */ = {isa = PBXBuildFile; fileRef = A778333B177BD8C7006215FE /* AddLockerViewController.m */; };
		A778333E177BD8C7006215FE /* AddLockerViewController.xib in Resources */ = {isa = PBXBuildFile; fileRef = A778333C177BD8C7006215FE /* AddLockerViewController.xib */; };
		A7783343177BE36D006215FE /* EditLockerViewController.m in Sources */ = {isa = PBXBuildFile; fileRef = A7783341177BE36D006215FE /* EditLockerViewController.m */; };
		A7783344177BE36D006215FE /* EditLockerViewController.xib in Resources */ = {isa = PBXBuildFile; fileRef = A7783342177BE36D006215FE /* EditLockerViewController.xib */; };
		A7948D9017738FFB005C3DC0 /* UIKit.framework in Frameworks */ = {isa = PBXBuildFile; fileRef = A7948D8F17738FFB005C3DC0 /* UIKit.framework */; };
		A7948D9217738FFB005C3DC0 /* Foundation.framework in Frameworks */ = {isa = PBXBuildFile; fileRef = A7948D9117738FFB005C3DC0 /* Foundation.framework */; };
		A7948D9417738FFB005C3DC0 /* CoreGraphics.framework in Frameworks */ = {isa = PBXBuildFile; fileRef = A7948D9317738FFB005C3DC0 /* CoreGraphics.framework */; };
		A7948D9A17738FFB005C3DC0 /* InfoPlist.strings in Resources */ = {isa = PBXBuildFile; fileRef = A7948D9817738FFB005C3DC0 /* InfoPlist.strings */; };
		A7948D9C17738FFB005C3DC0 /* main.m in Sources */ = {isa = PBXBuildFile; fileRef = A7948D9B17738FFB005C3DC0 /* main.m */; };
		A7948DA217738FFC005C3DC0 /* Default.png in Resources */ = {isa = PBXBuildFile; fileRef = A7948DA117738FFC005C3DC0 /* Default.png */; };
		A7948DA417738FFC005C3DC0 /* Default@2x.png in Resources */ = {isa = PBXBuildFile; fileRef = A7948DA317738FFC005C3DC0 /* Default@2x.png */; };
		A7948DA617738FFC005C3DC0 /* Default-568h@2x.png in Resources */ = {isa = PBXBuildFile; fileRef = A7948DA517738FFC005C3DC0 /* Default-568h@2x.png */; };
		A7948E141773A5DD005C3DC0 /* LockerListViewController.m in Sources */ = {isa = PBXBuildFile; fileRef = A7948E121773A5DD005C3DC0 /* LockerListViewController.m */; };
		A7948E151773A5DD005C3DC0 /* LockerListViewController.xib in Resources */ = {isa = PBXBuildFile; fileRef = A7948E131773A5DD005C3DC0 /* LockerListViewController.xib */; };
		A7948E181773BA12005C3DC0 /* CoreData.framework in Frameworks */ = {isa = PBXBuildFile; fileRef = A7948E171773BA12005C3DC0 /* CoreData.framework */; };
		A794A686177BEC8800D4F5DB /* MagicalImportFunctions.m in Sources */ = {isa = PBXBuildFile; fileRef = A794A64E177BEC8800D4F5DB /* MagicalImportFunctions.m */; };
		A794A687177BEC8800D4F5DB /* NSAttributeDescription+MagicalDataImport.m in Sources */ = {isa = PBXBuildFile; fileRef = A794A650177BEC8800D4F5DB /* NSAttributeDescription+MagicalDataImport.m */; };
		A794A688177BEC8800D4F5DB /* NSEntityDescription+MagicalDataImport.m in Sources */ = {isa = PBXBuildFile; fileRef = A794A652177BEC8800D4F5DB /* NSEntityDescription+MagicalDataImport.m */; };
		A794A689177BEC8800D4F5DB /* NSNumber+MagicalDataImport.m in Sources */ = {isa = PBXBuildFile; fileRef = A794A654177BEC8800D4F5DB /* NSNumber+MagicalDataImport.m */; };
		A794A68A177BEC8800D4F5DB /* NSObject+MagicalDataImport.m in Sources */ = {isa = PBXBuildFile; fileRef = A794A656177BEC8800D4F5DB /* NSObject+MagicalDataImport.m */; };
		A794A68B177BEC8800D4F5DB /* NSRelationshipDescription+MagicalDataImport.m in Sources */ = {isa = PBXBuildFile; fileRef = A794A658177BEC8800D4F5DB /* NSRelationshipDescription+MagicalDataImport.m */; };
		A794A68C177BEC8800D4F5DB /* NSString+MagicalDataImport.m in Sources */ = {isa = PBXBuildFile; fileRef = A794A65A177BEC8800D4F5DB /* NSString+MagicalDataImport.m */; };
		A794A68D177BEC8800D4F5DB /* NSManagedObject+MagicalAggregation.m in Sources */ = {isa = PBXBuildFile; fileRef = A794A65D177BEC8800D4F5DB /* NSManagedObject+MagicalAggregation.m */; };
		A794A68E177BEC8800D4F5DB /* NSManagedObject+MagicalDataImport.m in Sources */ = {isa = PBXBuildFile; fileRef = A794A65F177BEC8800D4F5DB /* NSManagedObject+MagicalDataImport.m */; };
		A794A68F177BEC8800D4F5DB /* NSManagedObject+MagicalFinders.m in Sources */ = {isa = PBXBuildFile; fileRef = A794A661177BEC8800D4F5DB /* NSManagedObject+MagicalFinders.m */; };
		A794A690177BEC8800D4F5DB /* NSManagedObject+MagicalRecord.m in Sources */ = {isa = PBXBuildFile; fileRef = A794A663177BEC8800D4F5DB /* NSManagedObject+MagicalRecord.m */; };
		A794A691177BEC8800D4F5DB /* NSManagedObject+MagicalRequests.m in Sources */ = {isa = PBXBuildFile; fileRef = A794A665177BEC8800D4F5DB /* NSManagedObject+MagicalRequests.m */; };
		A794A692177BEC8800D4F5DB /* NSManagedObjectContext+MagicalObserving.m in Sources */ = {isa = PBXBuildFile; fileRef = A794A668177BEC8800D4F5DB /* NSManagedObjectContext+MagicalObserving.m */; };
		A794A693177BEC8800D4F5DB /* NSManagedObjectContext+MagicalRecord.m in Sources */ = {isa = PBXBuildFile; fileRef = A794A66A177BEC8800D4F5DB /* NSManagedObjectContext+MagicalRecord.m */; };
		A794A694177BEC8800D4F5DB /* NSManagedObjectContext+MagicalSaves.m in Sources */ = {isa = PBXBuildFile; fileRef = A794A66C177BEC8800D4F5DB /* NSManagedObjectContext+MagicalSaves.m */; };
		A794A695177BEC8800D4F5DB /* NSManagedObjectContext+MagicalThreading.m in Sources */ = {isa = PBXBuildFile; fileRef = A794A66E177BEC8800D4F5DB /* NSManagedObjectContext+MagicalThreading.m */; };
		A794A696177BEC8800D4F5DB /* NSManagedObjectModel+MagicalRecord.m in Sources */ = {isa = PBXBuildFile; fileRef = A794A670177BEC8800D4F5DB /* NSManagedObjectModel+MagicalRecord.m */; };
		A794A697177BEC8800D4F5DB /* NSPersistentStore+MagicalRecord.m in Sources */ = {isa = PBXBuildFile; fileRef = A794A672177BEC8800D4F5DB /* NSPersistentStore+MagicalRecord.m */; };
		A794A698177BEC8800D4F5DB /* NSPersistentStoreCoordinator+MagicalRecord.m in Sources */ = {isa = PBXBuildFile; fileRef = A794A674177BEC8800D4F5DB /* NSPersistentStoreCoordinator+MagicalRecord.m */; };
		A794A699177BEC8800D4F5DB /* MagicalRecord+Actions.m in Sources */ = {isa = PBXBuildFile; fileRef = A794A677177BEC8800D4F5DB /* MagicalRecord+Actions.m */; };
		A794A69A177BEC8800D4F5DB /* MagicalRecord+ErrorHandling.m in Sources */ = {isa = PBXBuildFile; fileRef = A794A679177BEC8800D4F5DB /* MagicalRecord+ErrorHandling.m */; };
		A794A69B177BEC8800D4F5DB /* MagicalRecord+iCloud.m in Sources */ = {isa = PBXBuildFile; fileRef = A794A67B177BEC8800D4F5DB /* MagicalRecord+iCloud.m */; };
		A794A69C177BEC8800D4F5DB /* MagicalRecord+Options.m in Sources */ = {isa = PBXBuildFile; fileRef = A794A67D177BEC8800D4F5DB /* MagicalRecord+Options.m */; };
		A794A69D177BEC8800D4F5DB /* MagicalRecord+Setup.m in Sources */ = {isa = PBXBuildFile; fileRef = A794A67F177BEC8800D4F5DB /* MagicalRecord+Setup.m */; };
		A794A69E177BEC8800D4F5DB /* MagicalRecord+ShorthandSupport.m in Sources */ = {isa = PBXBuildFile; fileRef = A794A681177BEC8800D4F5DB /* MagicalRecord+ShorthandSupport.m */; };
		A794A69F177BEC8800D4F5DB /* MagicalRecord.m in Sources */ = {isa = PBXBuildFile; fileRef = A794A683177BEC8800D4F5DB /* MagicalRecord.m */; };
		A7ACFC92177A3737007D8F16 /* KinveyKit.framework in Frameworks */ = {isa = PBXBuildFile; fileRef = A7ACFC90177A3737007D8F16 /* KinveyKit.framework */; };
		A7ACFC95177A3773007D8F16 /* libUAirship-1.4.0.a in Frameworks */ = {isa = PBXBuildFile; fileRef = A7ACFC94177A3773007D8F16 /* libUAirship-1.4.0.a */; };
		A7ACFC97177A37BC007D8F16 /* Accounts.framework in Frameworks */ = {isa = PBXBuildFile; fileRef = A7ACFC96177A37BC007D8F16 /* Accounts.framework */; settings = {ATTRIBUTES = (Weak, ); }; };
		A7ACFC99177A37CF007D8F16 /* CFNetwork.framework in Frameworks */ = {isa = PBXBuildFile; fileRef = A7ACFC98177A37CF007D8F16 /* CFNetwork.framework */; };
		A7ACFC9B177A37D7007D8F16 /* CoreLocation.framework in Frameworks */ = {isa = PBXBuildFile; fileRef = A7ACFC9A177A37D7007D8F16 /* CoreLocation.framework */; };
		A7ACFC9D177A37DF007D8F16 /* CoreTelephony.framework in Frameworks */ = {isa = PBXBuildFile; fileRef = A7ACFC9C177A37DF007D8F16 /* CoreTelephony.framework */; };
		A7ACFC9F177A37EA007D8F16 /* libsqlite3.dylib in Frameworks */ = {isa = PBXBuildFile; fileRef = A7ACFC9E177A37EA007D8F16 /* libsqlite3.dylib */; };
		A7ACFCA1177A37F3007D8F16 /* libz.dylib in Frameworks */ = {isa = PBXBuildFile; fileRef = A7ACFCA0177A37F3007D8F16 /* libz.dylib */; };
		A7ACFCA3177A37FC007D8F16 /* MobileCoreServices.framework in Frameworks */ = {isa = PBXBuildFile; fileRef = A7ACFCA2177A37FC007D8F16 /* MobileCoreServices.framework */; };
		A7ACFCA5177A3805007D8F16 /* Security.framework in Frameworks */ = {isa = PBXBuildFile; fileRef = A7ACFCA4177A3805007D8F16 /* Security.framework */; };
		A7ACFCA7177A3814007D8F16 /* SystemConfiguration.framework in Frameworks */ = {isa = PBXBuildFile; fileRef = A7ACFCA6177A3814007D8F16 /* SystemConfiguration.framework */; };
		A7ACFCA9177A3823007D8F16 /* Twitter.framework in Frameworks */ = {isa = PBXBuildFile; fileRef = A7ACFCA8177A3823007D8F16 /* Twitter.framework */; };
		C569917F177E7E2C00BADE68 /* Model.xcdatamodeld in Sources */ = {isa = PBXBuildFile; fileRef = C569917D177E7E2C00BADE68 /* Model.xcdatamodeld */; };
		C5AAAD69177E8BC900E560F1 /* LockerAccount.m in Sources */ = {isa = PBXBuildFile; fileRef = C5AAAD68177E8BC900E560F1 /* LockerAccount.m */; };
		C5AAAD6C177E8BC900E560F1 /* Category.m in Sources */ = {isa = PBXBuildFile; fileRef = C5AAAD6B177E8BC900E560F1 /* Category.m */; };
/* End PBXBuildFile section */

/* Begin PBXFileReference section */
		A77832FD177A43EA006215FE /* AppDelegate.m */ = {isa = PBXFileReference; fileEncoding = 4; lastKnownFileType = sourcecode.c.objc; path = AppDelegate.m; sourceTree = "<group>"; };
		A7783305177A5A78006215FE /* CreateAccountViewController.h */ = {isa = PBXFileReference; fileEncoding = 4; lastKnownFileType = sourcecode.c.h; path = CreateAccountViewController.h; sourceTree = "<group>"; };
		A7783306177A5A78006215FE /* CreateAccountViewController.m */ = {isa = PBXFileReference; fileEncoding = 4; lastKnownFileType = sourcecode.c.objc; path = CreateAccountViewController.m; sourceTree = "<group>"; };
		A7783307177A5A78006215FE /* CreateAccountViewController.xib */ = {isa = PBXFileReference; fileEncoding = 4; lastKnownFileType = file.xib; path = CreateAccountViewController.xib; sourceTree = "<group>"; };
		A778330B177A5B8C006215FE /* SignInViewController.h */ = {isa = PBXFileReference; fileEncoding = 4; lastKnownFileType = sourcecode.c.h; path = SignInViewController.h; sourceTree = "<group>"; };
		A778330C177A5B8C006215FE /* SignInViewController.m */ = {isa = PBXFileReference; fileEncoding = 4; lastKnownFileType = sourcecode.c.objc; path = SignInViewController.m; sourceTree = "<group>"; };
		A778330D177A5B8C006215FE /* SignInViewController.xib */ = {isa = PBXFileReference; fileEncoding = 4; lastKnownFileType = file.xib; path = SignInViewController.xib; sourceTree = "<group>"; };
		A7783311177A5BFF006215FE /* LockerHomeViewController.h */ = {isa = PBXFileReference; fileEncoding = 4; lastKnownFileType = sourcecode.c.h; path = LockerHomeViewController.h; sourceTree = "<group>"; };
		A7783312177A5BFF006215FE /* LockerHomeViewController.m */ = {isa = PBXFileReference; fileEncoding = 4; lastKnownFileType = sourcecode.c.objc; path = LockerHomeViewController.m; sourceTree = "<group>"; };
		A7783313177A5BFF006215FE /* LockerHomeViewController.xib */ = {isa = PBXFileReference; fileEncoding = 4; lastKnownFileType = file.xib; path = LockerHomeViewController.xib; sourceTree = "<group>"; };
		A7783317177A5C37006215FE /* SettingsViewController.h */ = {isa = PBXFileReference; fileEncoding = 4; lastKnownFileType = sourcecode.c.h; path = SettingsViewController.h; sourceTree = "<group>"; };
		A7783318177A5C37006215FE /* SettingsViewController.m */ = {isa = PBXFileReference; fileEncoding = 4; lastKnownFileType = sourcecode.c.objc; path = SettingsViewController.m; sourceTree = "<group>"; };
		A7783319177A5C37006215FE /* SettingsViewController.xib */ = {isa = PBXFileReference; fileEncoding = 4; lastKnownFileType = file.xib; path = SettingsViewController.xib; sourceTree = "<group>"; };
		A778331F177B6E96006215FE /* NewRelicAgent.framework */ = {isa = PBXFileReference; lastKnownFileType = wrapper.framework; path = NewRelicAgent.framework; sourceTree = "<group>"; };
		A7783334177BD3D0006215FE /* PasswordFeedViewController.h */ = {isa = PBXFileReference; fileEncoding = 4; lastKnownFileType = sourcecode.c.h; path = PasswordFeedViewController.h; sourceTree = "<group>"; };
		A7783335177BD3D0006215FE /* PasswordFeedViewController.m */ = {isa = PBXFileReference; fileEncoding = 4; lastKnownFileType = sourcecode.c.objc; path = PasswordFeedViewController.m; sourceTree = "<group>"; };
		A7783336177BD3D0006215FE /* PasswordFeedViewController.xib */ = {isa = PBXFileReference; fileEncoding = 4; lastKnownFileType = file.xib; path = PasswordFeedViewController.xib; sourceTree = "<group>"; };
		A778333A177BD8C7006215FE /* AddLockerViewController.h */ = {isa = PBXFileReference; fileEncoding = 4; lastKnownFileType = sourcecode.c.h; path = AddLockerViewController.h; sourceTree = "<group>"; };
		A778333B177BD8C7006215FE /* AddLockerViewController.m */ = {isa = PBXFileReference; fileEncoding = 4; lastKnownFileType = sourcecode.c.objc; path = AddLockerViewController.m; sourceTree = "<group>"; };
		A778333C177BD8C7006215FE /* AddLockerViewController.xib */ = {isa = PBXFileReference; fileEncoding = 4; lastKnownFileType = file.xib; path = AddLockerViewController.xib; sourceTree = "<group>"; };
		A7783340177BE36D006215FE /* EditLockerViewController.h */ = {isa = PBXFileReference; fileEncoding = 4; lastKnownFileType = sourcecode.c.h; path = EditLockerViewController.h; sourceTree = "<group>"; };
		A7783341177BE36D006215FE /* EditLockerViewController.m */ = {isa = PBXFileReference; fileEncoding = 4; lastKnownFileType = sourcecode.c.objc; path = EditLockerViewController.m; sourceTree = "<group>"; };
		A7783342177BE36D006215FE /* EditLockerViewController.xib */ = {isa = PBXFileReference; fileEncoding = 4; lastKnownFileType = file.xib; path = EditLockerViewController.xib; sourceTree = "<group>"; };
		A7948D8C17738FFB005C3DC0 /* AddLockers.app */ = {isa = PBXFileReference; explicitFileType = wrapper.application; includeInIndex = 0; path = AddLockers.app; sourceTree = BUILT_PRODUCTS_DIR; };
		A7948D8F17738FFB005C3DC0 /* UIKit.framework */ = {isa = PBXFileReference; lastKnownFileType = wrapper.framework; name = UIKit.framework; path = System/Library/Frameworks/UIKit.framework; sourceTree = SDKROOT; };
		A7948D9117738FFB005C3DC0 /* Foundation.framework */ = {isa = PBXFileReference; lastKnownFileType = wrapper.framework; name = Foundation.framework; path = System/Library/Frameworks/Foundation.framework; sourceTree = SDKROOT; };
		A7948D9317738FFB005C3DC0 /* CoreGraphics.framework */ = {isa = PBXFileReference; lastKnownFileType = wrapper.framework; name = CoreGraphics.framework; path = System/Library/Frameworks/CoreGraphics.framework; sourceTree = SDKROOT; };
		A7948D9717738FFB005C3DC0 /* AddLockers-Info.plist */ = {isa = PBXFileReference; lastKnownFileType = text.plist.xml; path = "AddLockers-Info.plist"; sourceTree = "<group>"; };
		A7948D9917738FFB005C3DC0 /* en */ = {isa = PBXFileReference; lastKnownFileType = text.plist.strings; name = en; path = en.lproj/InfoPlist.strings; sourceTree = "<group>"; };
		A7948D9B17738FFB005C3DC0 /* main.m */ = {isa = PBXFileReference; lastKnownFileType = sourcecode.c.objc; path = main.m; sourceTree = "<group>"; };
		A7948D9D17738FFB005C3DC0 /* AddLockers-Prefix.pch */ = {isa = PBXFileReference; lastKnownFileType = sourcecode.c.h; path = "AddLockers-Prefix.pch"; sourceTree = "<group>"; };
		A7948D9E17738FFB005C3DC0 /* AppDelegate.h */ = {isa = PBXFileReference; lastKnownFileType = sourcecode.c.h; path = AppDelegate.h; sourceTree = "<group>"; };
		A7948DA117738FFC005C3DC0 /* Default.png */ = {isa = PBXFileReference; lastKnownFileType = image.png; path = Default.png; sourceTree = "<group>"; };
		A7948DA317738FFC005C3DC0 /* Default@2x.png */ = {isa = PBXFileReference; lastKnownFileType = image.png; path = "Default@2x.png"; sourceTree = "<group>"; };
		A7948DA517738FFC005C3DC0 /* Default-568h@2x.png */ = {isa = PBXFileReference; lastKnownFileType = image.png; path = "Default-568h@2x.png"; sourceTree = "<group>"; };
		A7948E111773A5DD005C3DC0 /* LockerListViewController.h */ = {isa = PBXFileReference; fileEncoding = 4; lastKnownFileType = sourcecode.c.h; path = LockerListViewController.h; sourceTree = "<group>"; };
		A7948E121773A5DD005C3DC0 /* LockerListViewController.m */ = {isa = PBXFileReference; fileEncoding = 4; lastKnownFileType = sourcecode.c.objc; path = LockerListViewController.m; sourceTree = "<group>"; };
		A7948E131773A5DD005C3DC0 /* LockerListViewController.xib */ = {isa = PBXFileReference; fileEncoding = 4; lastKnownFileType = file.xib; path = LockerListViewController.xib; sourceTree = "<group>"; };
		A7948E171773BA12005C3DC0 /* CoreData.framework */ = {isa = PBXFileReference; lastKnownFileType = wrapper.framework; name = CoreData.framework; path = System/Library/Frameworks/CoreData.framework; sourceTree = SDKROOT; };
		A794A64D177BEC8800D4F5DB /* MagicalImportFunctions.h */ = {isa = PBXFileReference; fileEncoding = 4; lastKnownFileType = sourcecode.c.h; path = MagicalImportFunctions.h; sourceTree = "<group>"; };
		A794A64E177BEC8800D4F5DB /* MagicalImportFunctions.m */ = {isa = PBXFileReference; fileEncoding = 4; lastKnownFileType = sourcecode.c.objc; path = MagicalImportFunctions.m; sourceTree = "<group>"; };
		A794A64F177BEC8800D4F5DB /* NSAttributeDescription+MagicalDataImport.h */ = {isa = PBXFileReference; fileEncoding = 4; lastKnownFileType = sourcecode.c.h; path = "NSAttributeDescription+MagicalDataImport.h"; sourceTree = "<group>"; };
		A794A650177BEC8800D4F5DB /* NSAttributeDescription+MagicalDataImport.m */ = {isa = PBXFileReference; fileEncoding = 4; lastKnownFileType = sourcecode.c.objc; path = "NSAttributeDescription+MagicalDataImport.m"; sourceTree = "<group>"; };
		A794A651177BEC8800D4F5DB /* NSEntityDescription+MagicalDataImport.h */ = {isa = PBXFileReference; fileEncoding = 4; lastKnownFileType = sourcecode.c.h; path = "NSEntityDescription+MagicalDataImport.h"; sourceTree = "<group>"; };
		A794A652177BEC8800D4F5DB /* NSEntityDescription+MagicalDataImport.m */ = {isa = PBXFileReference; fileEncoding = 4; lastKnownFileType = sourcecode.c.objc; path = "NSEntityDescription+MagicalDataImport.m"; sourceTree = "<group>"; };
		A794A653177BEC8800D4F5DB /* NSNumber+MagicalDataImport.h */ = {isa = PBXFileReference; fileEncoding = 4; lastKnownFileType = sourcecode.c.h; path = "NSNumber+MagicalDataImport.h"; sourceTree = "<group>"; };
		A794A654177BEC8800D4F5DB /* NSNumber+MagicalDataImport.m */ = {isa = PBXFileReference; fileEncoding = 4; lastKnownFileType = sourcecode.c.objc; path = "NSNumber+MagicalDataImport.m"; sourceTree = "<group>"; };
		A794A655177BEC8800D4F5DB /* NSObject+MagicalDataImport.h */ = {isa = PBXFileReference; fileEncoding = 4; lastKnownFileType = sourcecode.c.h; path = "NSObject+MagicalDataImport.h"; sourceTree = "<group>"; };
		A794A656177BEC8800D4F5DB /* NSObject+MagicalDataImport.m */ = {isa = PBXFileReference; fileEncoding = 4; lastKnownFileType = sourcecode.c.objc; path = "NSObject+MagicalDataImport.m"; sourceTree = "<group>"; };
		A794A657177BEC8800D4F5DB /* NSRelationshipDescription+MagicalDataImport.h */ = {isa = PBXFileReference; fileEncoding = 4; lastKnownFileType = sourcecode.c.h; path = "NSRelationshipDescription+MagicalDataImport.h"; sourceTree = "<group>"; };
		A794A658177BEC8800D4F5DB /* NSRelationshipDescription+MagicalDataImport.m */ = {isa = PBXFileReference; fileEncoding = 4; lastKnownFileType = sourcecode.c.objc; path = "NSRelationshipDescription+MagicalDataImport.m"; sourceTree = "<group>"; };
		A794A659177BEC8800D4F5DB /* NSString+MagicalDataImport.h */ = {isa = PBXFileReference; fileEncoding = 4; lastKnownFileType = sourcecode.c.h; path = "NSString+MagicalDataImport.h"; sourceTree = "<group>"; };
		A794A65A177BEC8800D4F5DB /* NSString+MagicalDataImport.m */ = {isa = PBXFileReference; fileEncoding = 4; lastKnownFileType = sourcecode.c.objc; path = "NSString+MagicalDataImport.m"; sourceTree = "<group>"; };
		A794A65C177BEC8800D4F5DB /* NSManagedObject+MagicalAggregation.h */ = {isa = PBXFileReference; fileEncoding = 4; lastKnownFileType = sourcecode.c.h; path = "NSManagedObject+MagicalAggregation.h"; sourceTree = "<group>"; };
		A794A65D177BEC8800D4F5DB /* NSManagedObject+MagicalAggregation.m */ = {isa = PBXFileReference; fileEncoding = 4; lastKnownFileType = sourcecode.c.objc; path = "NSManagedObject+MagicalAggregation.m"; sourceTree = "<group>"; };
		A794A65E177BEC8800D4F5DB /* NSManagedObject+MagicalDataImport.h */ = {isa = PBXFileReference; fileEncoding = 4; lastKnownFileType = sourcecode.c.h; path = "NSManagedObject+MagicalDataImport.h"; sourceTree = "<group>"; };
		A794A65F177BEC8800D4F5DB /* NSManagedObject+MagicalDataImport.m */ = {isa = PBXFileReference; fileEncoding = 4; lastKnownFileType = sourcecode.c.objc; path = "NSManagedObject+MagicalDataImport.m"; sourceTree = "<group>"; };
		A794A660177BEC8800D4F5DB /* NSManagedObject+MagicalFinders.h */ = {isa = PBXFileReference; fileEncoding = 4; lastKnownFileType = sourcecode.c.h; path = "NSManagedObject+MagicalFinders.h"; sourceTree = "<group>"; };
		A794A661177BEC8800D4F5DB /* NSManagedObject+MagicalFinders.m */ = {isa = PBXFileReference; fileEncoding = 4; lastKnownFileType = sourcecode.c.objc; path = "NSManagedObject+MagicalFinders.m"; sourceTree = "<group>"; };
		A794A662177BEC8800D4F5DB /* NSManagedObject+MagicalRecord.h */ = {isa = PBXFileReference; fileEncoding = 4; lastKnownFileType = sourcecode.c.h; path = "NSManagedObject+MagicalRecord.h"; sourceTree = "<group>"; };
		A794A663177BEC8800D4F5DB /* NSManagedObject+MagicalRecord.m */ = {isa = PBXFileReference; fileEncoding = 4; lastKnownFileType = sourcecode.c.objc; path = "NSManagedObject+MagicalRecord.m"; sourceTree = "<group>"; };
		A794A664177BEC8800D4F5DB /* NSManagedObject+MagicalRequests.h */ = {isa = PBXFileReference; fileEncoding = 4; lastKnownFileType = sourcecode.c.h; path = "NSManagedObject+MagicalRequests.h"; sourceTree = "<group>"; };
		A794A665177BEC8800D4F5DB /* NSManagedObject+MagicalRequests.m */ = {isa = PBXFileReference; fileEncoding = 4; lastKnownFileType = sourcecode.c.objc; path = "NSManagedObject+MagicalRequests.m"; sourceTree = "<group>"; };
		A794A667177BEC8800D4F5DB /* NSManagedObjectContext+MagicalObserving.h */ = {isa = PBXFileReference; fileEncoding = 4; lastKnownFileType = sourcecode.c.h; path = "NSManagedObjectContext+MagicalObserving.h"; sourceTree = "<group>"; };
		A794A668177BEC8800D4F5DB /* NSManagedObjectContext+MagicalObserving.m */ = {isa = PBXFileReference; fileEncoding = 4; lastKnownFileType = sourcecode.c.objc; path = "NSManagedObjectContext+MagicalObserving.m"; sourceTree = "<group>"; };
		A794A669177BEC8800D4F5DB /* NSManagedObjectContext+MagicalRecord.h */ = {isa = PBXFileReference; fileEncoding = 4; lastKnownFileType = sourcecode.c.h; path = "NSManagedObjectContext+MagicalRecord.h"; sourceTree = "<group>"; };
		A794A66A177BEC8800D4F5DB /* NSManagedObjectContext+MagicalRecord.m */ = {isa = PBXFileReference; fileEncoding = 4; lastKnownFileType = sourcecode.c.objc; path = "NSManagedObjectContext+MagicalRecord.m"; sourceTree = "<group>"; };
		A794A66B177BEC8800D4F5DB /* NSManagedObjectContext+MagicalSaves.h */ = {isa = PBXFileReference; fileEncoding = 4; lastKnownFileType = sourcecode.c.h; path = "NSManagedObjectContext+MagicalSaves.h"; sourceTree = "<group>"; };
		A794A66C177BEC8800D4F5DB /* NSManagedObjectContext+MagicalSaves.m */ = {isa = PBXFileReference; fileEncoding = 4; lastKnownFileType = sourcecode.c.objc; path = "NSManagedObjectContext+MagicalSaves.m"; sourceTree = "<group>"; };
		A794A66D177BEC8800D4F5DB /* NSManagedObjectContext+MagicalThreading.h */ = {isa = PBXFileReference; fileEncoding = 4; lastKnownFileType = sourcecode.c.h; path = "NSManagedObjectContext+MagicalThreading.h"; sourceTree = "<group>"; };
		A794A66E177BEC8800D4F5DB /* NSManagedObjectContext+MagicalThreading.m */ = {isa = PBXFileReference; fileEncoding = 4; lastKnownFileType = sourcecode.c.objc; path = "NSManagedObjectContext+MagicalThreading.m"; sourceTree = "<group>"; };
		A794A66F177BEC8800D4F5DB /* NSManagedObjectModel+MagicalRecord.h */ = {isa = PBXFileReference; fileEncoding = 4; lastKnownFileType = sourcecode.c.h; path = "NSManagedObjectModel+MagicalRecord.h"; sourceTree = "<group>"; };
		A794A670177BEC8800D4F5DB /* NSManagedObjectModel+MagicalRecord.m */ = {isa = PBXFileReference; fileEncoding = 4; lastKnownFileType = sourcecode.c.objc; path = "NSManagedObjectModel+MagicalRecord.m"; sourceTree = "<group>"; };
		A794A671177BEC8800D4F5DB /* NSPersistentStore+MagicalRecord.h */ = {isa = PBXFileReference; fileEncoding = 4; lastKnownFileType = sourcecode.c.h; path = "NSPersistentStore+MagicalRecord.h"; sourceTree = "<group>"; };
		A794A672177BEC8800D4F5DB /* NSPersistentStore+MagicalRecord.m */ = {isa = PBXFileReference; fileEncoding = 4; lastKnownFileType = sourcecode.c.objc; path = "NSPersistentStore+MagicalRecord.m"; sourceTree = "<group>"; };
		A794A673177BEC8800D4F5DB /* NSPersistentStoreCoordinator+MagicalRecord.h */ = {isa = PBXFileReference; fileEncoding = 4; lastKnownFileType = sourcecode.c.h; path = "NSPersistentStoreCoordinator+MagicalRecord.h"; sourceTree = "<group>"; };
		A794A674177BEC8800D4F5DB /* NSPersistentStoreCoordinator+MagicalRecord.m */ = {isa = PBXFileReference; fileEncoding = 4; lastKnownFileType = sourcecode.c.objc; path = "NSPersistentStoreCoordinator+MagicalRecord.m"; sourceTree = "<group>"; };
		A794A676177BEC8800D4F5DB /* MagicalRecord+Actions.h */ = {isa = PBXFileReference; fileEncoding = 4; lastKnownFileType = sourcecode.c.h; path = "MagicalRecord+Actions.h"; sourceTree = "<group>"; };
		A794A677177BEC8800D4F5DB /* MagicalRecord+Actions.m */ = {isa = PBXFileReference; fileEncoding = 4; lastKnownFileType = sourcecode.c.objc; path = "MagicalRecord+Actions.m"; sourceTree = "<group>"; };
		A794A678177BEC8800D4F5DB /* MagicalRecord+ErrorHandling.h */ = {isa = PBXFileReference; fileEncoding = 4; lastKnownFileType = sourcecode.c.h; path = "MagicalRecord+ErrorHandling.h"; sourceTree = "<group>"; };
		A794A679177BEC8800D4F5DB /* MagicalRecord+ErrorHandling.m */ = {isa = PBXFileReference; fileEncoding = 4; lastKnownFileType = sourcecode.c.objc; path = "MagicalRecord+ErrorHandling.m"; sourceTree = "<group>"; };
		A794A67A177BEC8800D4F5DB /* MagicalRecord+iCloud.h */ = {isa = PBXFileReference; fileEncoding = 4; lastKnownFileType = sourcecode.c.h; path = "MagicalRecord+iCloud.h"; sourceTree = "<group>"; };
		A794A67B177BEC8800D4F5DB /* MagicalRecord+iCloud.m */ = {isa = PBXFileReference; fileEncoding = 4; lastKnownFileType = sourcecode.c.objc; path = "MagicalRecord+iCloud.m"; sourceTree = "<group>"; };
		A794A67C177BEC8800D4F5DB /* MagicalRecord+Options.h */ = {isa = PBXFileReference; fileEncoding = 4; lastKnownFileType = sourcecode.c.h; path = "MagicalRecord+Options.h"; sourceTree = "<group>"; };
		A794A67D177BEC8800D4F5DB /* MagicalRecord+Options.m */ = {isa = PBXFileReference; fileEncoding = 4; lastKnownFileType = sourcecode.c.objc; path = "MagicalRecord+Options.m"; sourceTree = "<group>"; };
		A794A67E177BEC8800D4F5DB /* MagicalRecord+Setup.h */ = {isa = PBXFileReference; fileEncoding = 4; lastKnownFileType = sourcecode.c.h; path = "MagicalRecord+Setup.h"; sourceTree = "<group>"; };
		A794A67F177BEC8800D4F5DB /* MagicalRecord+Setup.m */ = {isa = PBXFileReference; fileEncoding = 4; lastKnownFileType = sourcecode.c.objc; path = "MagicalRecord+Setup.m"; sourceTree = "<group>"; };
		A794A680177BEC8800D4F5DB /* MagicalRecord+ShorthandSupport.h */ = {isa = PBXFileReference; fileEncoding = 4; lastKnownFileType = sourcecode.c.h; path = "MagicalRecord+ShorthandSupport.h"; sourceTree = "<group>"; };
		A794A681177BEC8800D4F5DB /* MagicalRecord+ShorthandSupport.m */ = {isa = PBXFileReference; fileEncoding = 4; lastKnownFileType = sourcecode.c.objc; path = "MagicalRecord+ShorthandSupport.m"; sourceTree = "<group>"; };
		A794A682177BEC8800D4F5DB /* MagicalRecord.h */ = {isa = PBXFileReference; fileEncoding = 4; lastKnownFileType = sourcecode.c.h; path = MagicalRecord.h; sourceTree = "<group>"; };
		A794A683177BEC8800D4F5DB /* MagicalRecord.m */ = {isa = PBXFileReference; fileEncoding = 4; lastKnownFileType = sourcecode.c.objc; path = MagicalRecord.m; sourceTree = "<group>"; };
		A794A684177BEC8800D4F5DB /* MagicalRecordShorthand.h */ = {isa = PBXFileReference; fileEncoding = 4; lastKnownFileType = sourcecode.c.h; path = MagicalRecordShorthand.h; sourceTree = "<group>"; };
		A794A685177BEC8800D4F5DB /* CoreData+MagicalRecord.h */ = {isa = PBXFileReference; fileEncoding = 4; lastKnownFileType = sourcecode.c.h; path = "CoreData+MagicalRecord.h"; sourceTree = "<group>"; };
		A7ACFC90177A3737007D8F16 /* KinveyKit.framework */ = {isa = PBXFileReference; lastKnownFileType = wrapper.framework; path = KinveyKit.framework; sourceTree = "<group>"; };
		A7ACFC94177A3773007D8F16 /* libUAirship-1.4.0.a */ = {isa = PBXFileReference; lastKnownFileType = archive.ar; path = "libUAirship-1.4.0.a"; sourceTree = "<group>"; };
		A7ACFC96177A37BC007D8F16 /* Accounts.framework */ = {isa = PBXFileReference; lastKnownFileType = wrapper.framework; name = Accounts.framework; path = System/Library/Frameworks/Accounts.framework; sourceTree = SDKROOT; };
		A7ACFC98177A37CF007D8F16 /* CFNetwork.framework */ = {isa = PBXFileReference; lastKnownFileType = wrapper.framework; name = CFNetwork.framework; path = System/Library/Frameworks/CFNetwork.framework; sourceTree = SDKROOT; };
		A7ACFC9A177A37D7007D8F16 /* CoreLocation.framework */ = {isa = PBXFileReference; lastKnownFileType = wrapper.framework; name = CoreLocation.framework; path = System/Library/Frameworks/CoreLocation.framework; sourceTree = SDKROOT; };
		A7ACFC9C177A37DF007D8F16 /* CoreTelephony.framework */ = {isa = PBXFileReference; lastKnownFileType = wrapper.framework; name = CoreTelephony.framework; path = System/Library/Frameworks/CoreTelephony.framework; sourceTree = SDKROOT; };
		A7ACFC9E177A37EA007D8F16 /* libsqlite3.dylib */ = {isa = PBXFileReference; lastKnownFileType = "compiled.mach-o.dylib"; name = libsqlite3.dylib; path = usr/lib/libsqlite3.dylib; sourceTree = SDKROOT; };
		A7ACFCA0177A37F3007D8F16 /* libz.dylib */ = {isa = PBXFileReference; lastKnownFileType = "compiled.mach-o.dylib"; name = libz.dylib; path = usr/lib/libz.dylib; sourceTree = SDKROOT; };
		A7ACFCA2177A37FC007D8F16 /* MobileCoreServices.framework */ = {isa = PBXFileReference; lastKnownFileType = wrapper.framework; name = MobileCoreServices.framework; path = System/Library/Frameworks/MobileCoreServices.framework; sourceTree = SDKROOT; };
		A7ACFCA4177A3805007D8F16 /* Security.framework */ = {isa = PBXFileReference; lastKnownFileType = wrapper.framework; name = Security.framework; path = System/Library/Frameworks/Security.framework; sourceTree = SDKROOT; };
		A7ACFCA6177A3814007D8F16 /* SystemConfiguration.framework */ = {isa = PBXFileReference; lastKnownFileType = wrapper.framework; name = SystemConfiguration.framework; path = System/Library/Frameworks/SystemConfiguration.framework; sourceTree = SDKROOT; };
		A7ACFCA8177A3823007D8F16 /* Twitter.framework */ = {isa = PBXFileReference; lastKnownFileType = wrapper.framework; name = Twitter.framework; path = System/Library/Frameworks/Twitter.framework; sourceTree = SDKROOT; };
		C569917E177E7E2C00BADE68 /* Model.xcdatamodel */ = {isa = PBXFileReference; lastKnownFileType = wrapper.xcdatamodel; path = Model.xcdatamodel; sourceTree = "<group>"; };
		C5AAAD67177E8BC900E560F1 /* LockerAccount.h */ = {isa = PBXFileReference; fileEncoding = 4; lastKnownFileType = sourcecode.c.h; path = LockerAccount.h; sourceTree = "<group>"; };
		C5AAAD68177E8BC900E560F1 /* LockerAccount.m */ = {isa = PBXFileReference; fileEncoding = 4; lastKnownFileType = sourcecode.c.objc; path = LockerAccount.m; sourceTree = "<group>"; };
		C5AAAD6A177E8BC900E560F1 /* Category.h */ = {isa = PBXFileReference; fileEncoding = 4; lastKnownFileType = sourcecode.c.h; path = Category.h; sourceTree = "<group>"; };
		C5AAAD6B177E8BC900E560F1 /* Category.m */ = {isa = PBXFileReference; fileEncoding = 4; lastKnownFileType = sourcecode.c.objc; path = Category.m; sourceTree = "<group>"; };
/* End PBXFileReference section */

/* Begin PBXFrameworksBuildPhase section */
		A7948D8917738FFB005C3DC0 /* Frameworks */ = {
			isa = PBXFrameworksBuildPhase;
			buildActionMask = 2147483647;
			files = (
				A7ACFC9D177A37DF007D8F16 /* CoreTelephony.framework in Frameworks */,
				A7948D9217738FFB005C3DC0 /* Foundation.framework in Frameworks */,
				A7948D9017738FFB005C3DC0 /* UIKit.framework in Frameworks */,
				A7948D9417738FFB005C3DC0 /* CoreGraphics.framework in Frameworks */,
				A7948E181773BA12005C3DC0 /* CoreData.framework in Frameworks */,
				A7ACFC92177A3737007D8F16 /* KinveyKit.framework in Frameworks */,
				A7ACFC97177A37BC007D8F16 /* Accounts.framework in Frameworks */,
				A7ACFCA9177A3823007D8F16 /* Twitter.framework in Frameworks */,
				A7ACFCA7177A3814007D8F16 /* SystemConfiguration.framework in Frameworks */,
				A7ACFCA5177A3805007D8F16 /* Security.framework in Frameworks */,
				A7ACFCA3177A37FC007D8F16 /* MobileCoreServices.framework in Frameworks */,
				A7ACFCA1177A37F3007D8F16 /* libz.dylib in Frameworks */,
				A7ACFC9F177A37EA007D8F16 /* libsqlite3.dylib in Frameworks */,
				A7ACFC9B177A37D7007D8F16 /* CoreLocation.framework in Frameworks */,
				A7ACFC99177A37CF007D8F16 /* CFNetwork.framework in Frameworks */,
				A7ACFC95177A3773007D8F16 /* libUAirship-1.4.0.a in Frameworks */,
				A7783320177B6E96006215FE /* NewRelicAgent.framework in Frameworks */,
			);
			runOnlyForDeploymentPostprocessing = 0;
		};
/* End PBXFrameworksBuildPhase section */

/* Begin PBXGroup section */
		A778330A177A5A7D006215FE /* CreateAccount */ = {
			isa = PBXGroup;
			children = (
				A7783305177A5A78006215FE /* CreateAccountViewController.h */,
				A7783306177A5A78006215FE /* CreateAccountViewController.m */,
				A7783307177A5A78006215FE /* CreateAccountViewController.xib */,
			);
			name = CreateAccount;
			sourceTree = "<group>";
		};
		A7783310177A5B93006215FE /* SignIn */ = {
			isa = PBXGroup;
			children = (
				A778330B177A5B8C006215FE /* SignInViewController.h */,
				A778330C177A5B8C006215FE /* SignInViewController.m */,
				A778330D177A5B8C006215FE /* SignInViewController.xib */,
			);
			name = SignIn;
			sourceTree = "<group>";
		};
		A7783316177A5C06006215FE /* LockerHomeView */ = {
			isa = PBXGroup;
			children = (
				A7783311177A5BFF006215FE /* LockerHomeViewController.h */,
				A7783312177A5BFF006215FE /* LockerHomeViewController.m */,
				A7783313177A5BFF006215FE /* LockerHomeViewController.xib */,
			);
			name = LockerHomeView;
			path = AddLockers;
			sourceTree = "<group>";
		};
		A778331C177A5C3B006215FE /* Settings */ = {
			isa = PBXGroup;
			children = (
				A7783317177A5C37006215FE /* SettingsViewController.h */,
				A7783318177A5C37006215FE /* SettingsViewController.m */,
				A7783319177A5C37006215FE /* SettingsViewController.xib */,
			);
			name = Settings;
			sourceTree = "<group>";
		};
		A7783339177BD3D8006215FE /* PassswordFeed */ = {
			isa = PBXGroup;
			children = (
				A7783334177BD3D0006215FE /* PasswordFeedViewController.h */,
				A7783335177BD3D0006215FE /* PasswordFeedViewController.m */,
				A7783336177BD3D0006215FE /* PasswordFeedViewController.xib */,
			);
			name = PassswordFeed;
			sourceTree = "<group>";
		};
		A778333F177BD8CC006215FE /* AddLocker */ = {
			isa = PBXGroup;
			children = (
				A778333A177BD8C7006215FE /* AddLockerViewController.h */,
				A778333B177BD8C7006215FE /* AddLockerViewController.m */,
				A778333C177BD8C7006215FE /* AddLockerViewController.xib */,
			);
			name = AddLocker;
			sourceTree = "<group>";
		};
		A7783345177BE372006215FE /* EditLocker */ = {
			isa = PBXGroup;
			children = (
				A7783340177BE36D006215FE /* EditLockerViewController.h */,
				A7783341177BE36D006215FE /* EditLockerViewController.m */,
				A7783342177BE36D006215FE /* EditLockerViewController.xib */,
			);
			name = EditLocker;
			path = AddLockers;
			sourceTree = "<group>";
		};
		A7948D8317738FFB005C3DC0 = {
			isa = PBXGroup;
			children = (
				A7948DB217739042005C3DC0 /* Initialization */,
				A778330A177A5A7D006215FE /* CreateAccount */,
				A7783310177A5B93006215FE /* SignIn */,
				A7783339177BD3D8006215FE /* PassswordFeed */,
				A778333F177BD8CC006215FE /* AddLocker */,
				A7948E161773A5E4005C3DC0 /* LockerListView */,
				A7783345177BE372006215FE /* EditLocker */,
				A7783316177A5C06006215FE /* LockerHomeView */,
				A778331C177A5C3B006215FE /* Settings */,
				A7948E101773A209005C3DC0 /* Model */,
				A7948D9617738FFB005C3DC0 /* Supporting Files */,
				A794A64A177BEC8800D4F5DB /* MagicalRecord */,
				A778331F177B6E96006215FE /* NewRelicAgent.framework */,
				A7948D8E17738FFB005C3DC0 /* Frameworks */,
				A7948D8D17738FFB005C3DC0 /* Products */,
			);
			sourceTree = "<group>";
		};
		A7948D8D17738FFB005C3DC0 /* Products */ = {
			isa = PBXGroup;
			children = (
				A7948D8C17738FFB005C3DC0 /* AddLockers.app */,
			);
			name = Products;
			sourceTree = "<group>";
		};
		A7948D8E17738FFB005C3DC0 /* Frameworks */ = {
			isa = PBXGroup;
			children = (
				A7ACFCA0177A37F3007D8F16 /* libz.dylib */,
				A7ACFC9E177A37EA007D8F16 /* libsqlite3.dylib */,
				A7ACFCA8177A3823007D8F16 /* Twitter.framework */,
				A7ACFCA6177A3814007D8F16 /* SystemConfiguration.framework */,
				A7ACFCA4177A3805007D8F16 /* Security.framework */,
				A7ACFCA2177A37FC007D8F16 /* MobileCoreServices.framework */,
				A7ACFC9C177A37DF007D8F16 /* CoreTelephony.framework */,
				A7ACFC9A177A37D7007D8F16 /* CoreLocation.framework */,
				A7ACFC98177A37CF007D8F16 /* CFNetwork.framework */,
				A7ACFC96177A37BC007D8F16 /* Accounts.framework */,
				A7ACFC93177A3773007D8F16 /* Airship */,
				A7ACFC90177A3737007D8F16 /* KinveyKit.framework */,
				A7948E171773BA12005C3DC0 /* CoreData.framework */,
				A7948D8F17738FFB005C3DC0 /* UIKit.framework */,
				A7948D9117738FFB005C3DC0 /* Foundation.framework */,
				A7948D9317738FFB005C3DC0 /* CoreGraphics.framework */,
			);
			name = Frameworks;
			sourceTree = "<group>";
		};
		A7948D9617738FFB005C3DC0 /* Supporting Files */ = {
			isa = PBXGroup;
			children = (
				A7948D9717738FFB005C3DC0 /* AddLockers-Info.plist */,
				A7948D9817738FFB005C3DC0 /* InfoPlist.strings */,
				A7948D9B17738FFB005C3DC0 /* main.m */,
				A7948D9D17738FFB005C3DC0 /* AddLockers-Prefix.pch */,
				A7948DA117738FFC005C3DC0 /* Default.png */,
				A7948DA317738FFC005C3DC0 /* Default@2x.png */,
				A7948DA517738FFC005C3DC0 /* Default-568h@2x.png */,
			);
			name = "Supporting Files";
			path = AddLockers;
			sourceTree = "<group>";
		};
		A7948DB217739042005C3DC0 /* Initialization */ = {
			isa = PBXGroup;
			children = (
				A7948D9E17738FFB005C3DC0 /* AppDelegate.h */,
				A77832FD177A43EA006215FE /* AppDelegate.m */,
			);
			name = Initialization;
			path = AddLockers;
			sourceTree = "<group>";
		};
		A7948E101773A209005C3DC0 /* Model */ = {
			isa = PBXGroup;
			children = (
				C5AAAD67177E8BC900E560F1 /* LockerAccount.h */,
				C5AAAD68177E8BC900E560F1 /* LockerAccount.m */,
				C5AAAD6A177E8BC900E560F1 /* Category.h */,
				C5AAAD6B177E8BC900E560F1 /* Category.m */,
				C569917D177E7E2C00BADE68 /* Model.xcdatamodeld */,
			);
			name = Model;
			path = AddLockers;
			sourceTree = "<group>";
		};
		A7948E161773A5E4005C3DC0 /* LockerListView */ = {
			isa = PBXGroup;
			children = (
				A7948E111773A5DD005C3DC0 /* LockerListViewController.h */,
				A7948E121773A5DD005C3DC0 /* LockerListViewController.m */,
				A7948E131773A5DD005C3DC0 /* LockerListViewController.xib */,
			);
			name = LockerListView;
			path = AddLockers;
			sourceTree = "<group>";
		};
		A794A64A177BEC8800D4F5DB /* MagicalRecord */ = {
			isa = PBXGroup;
			children = (
				A794A64B177BEC8800D4F5DB /* Categories */,
				A794A675177BEC8800D4F5DB /* Core */,
				A794A685177BEC8800D4F5DB /* CoreData+MagicalRecord.h */,
			);
			path = MagicalRecord;
			sourceTree = "<group>";
		};
		A794A64B177BEC8800D4F5DB /* Categories */ = {
			isa = PBXGroup;
			children = (
				A794A64C177BEC8800D4F5DB /* DataImport */,
				A794A65B177BEC8800D4F5DB /* NSManagedObject */,
				A794A666177BEC8800D4F5DB /* NSManagedObjectContext */,
				A794A66F177BEC8800D4F5DB /* NSManagedObjectModel+MagicalRecord.h */,
				A794A670177BEC8800D4F5DB /* NSManagedObjectModel+MagicalRecord.m */,
				A794A671177BEC8800D4F5DB /* NSPersistentStore+MagicalRecord.h */,
				A794A672177BEC8800D4F5DB /* NSPersistentStore+MagicalRecord.m */,
				A794A673177BEC8800D4F5DB /* NSPersistentStoreCoordinator+MagicalRecord.h */,
				A794A674177BEC8800D4F5DB /* NSPersistentStoreCoordinator+MagicalRecord.m */,
			);
			path = Categories;
			sourceTree = "<group>";
		};
		A794A64C177BEC8800D4F5DB /* DataImport */ = {
			isa = PBXGroup;
			children = (
				A794A64D177BEC8800D4F5DB /* MagicalImportFunctions.h */,
				A794A64E177BEC8800D4F5DB /* MagicalImportFunctions.m */,
				A794A64F177BEC8800D4F5DB /* NSAttributeDescription+MagicalDataImport.h */,
				A794A650177BEC8800D4F5DB /* NSAttributeDescription+MagicalDataImport.m */,
				A794A651177BEC8800D4F5DB /* NSEntityDescription+MagicalDataImport.h */,
				A794A652177BEC8800D4F5DB /* NSEntityDescription+MagicalDataImport.m */,
				A794A653177BEC8800D4F5DB /* NSNumber+MagicalDataImport.h */,
				A794A654177BEC8800D4F5DB /* NSNumber+MagicalDataImport.m */,
				A794A655177BEC8800D4F5DB /* NSObject+MagicalDataImport.h */,
				A794A656177BEC8800D4F5DB /* NSObject+MagicalDataImport.m */,
				A794A657177BEC8800D4F5DB /* NSRelationshipDescription+MagicalDataImport.h */,
				A794A658177BEC8800D4F5DB /* NSRelationshipDescription+MagicalDataImport.m */,
				A794A659177BEC8800D4F5DB /* NSString+MagicalDataImport.h */,
				A794A65A177BEC8800D4F5DB /* NSString+MagicalDataImport.m */,
			);
			path = DataImport;
			sourceTree = "<group>";
		};
		A794A65B177BEC8800D4F5DB /* NSManagedObject */ = {
			isa = PBXGroup;
			children = (
				A794A65C177BEC8800D4F5DB /* NSManagedObject+MagicalAggregation.h */,
				A794A65D177BEC8800D4F5DB /* NSManagedObject+MagicalAggregation.m */,
				A794A65E177BEC8800D4F5DB /* NSManagedObject+MagicalDataImport.h */,
				A794A65F177BEC8800D4F5DB /* NSManagedObject+MagicalDataImport.m */,
				A794A660177BEC8800D4F5DB /* NSManagedObject+MagicalFinders.h */,
				A794A661177BEC8800D4F5DB /* NSManagedObject+MagicalFinders.m */,
				A794A662177BEC8800D4F5DB /* NSManagedObject+MagicalRecord.h */,
				A794A663177BEC8800D4F5DB /* NSManagedObject+MagicalRecord.m */,
				A794A664177BEC8800D4F5DB /* NSManagedObject+MagicalRequests.h */,
				A794A665177BEC8800D4F5DB /* NSManagedObject+MagicalRequests.m */,
			);
			path = NSManagedObject;
			sourceTree = "<group>";
		};
		A794A666177BEC8800D4F5DB /* NSManagedObjectContext */ = {
			isa = PBXGroup;
			children = (
				A794A667177BEC8800D4F5DB /* NSManagedObjectContext+MagicalObserving.h */,
				A794A668177BEC8800D4F5DB /* NSManagedObjectContext+MagicalObserving.m */,
				A794A669177BEC8800D4F5DB /* NSManagedObjectContext+MagicalRecord.h */,
				A794A66A177BEC8800D4F5DB /* NSManagedObjectContext+MagicalRecord.m */,
				A794A66B177BEC8800D4F5DB /* NSManagedObjectContext+MagicalSaves.h */,
				A794A66C177BEC8800D4F5DB /* NSManagedObjectContext+MagicalSaves.m */,
				A794A66D177BEC8800D4F5DB /* NSManagedObjectContext+MagicalThreading.h */,
				A794A66E177BEC8800D4F5DB /* NSManagedObjectContext+MagicalThreading.m */,
			);
			path = NSManagedObjectContext;
			sourceTree = "<group>";
		};
		A794A675177BEC8800D4F5DB /* Core */ = {
			isa = PBXGroup;
			children = (
				A794A676177BEC8800D4F5DB /* MagicalRecord+Actions.h */,
				A794A677177BEC8800D4F5DB /* MagicalRecord+Actions.m */,
				A794A678177BEC8800D4F5DB /* MagicalRecord+ErrorHandling.h */,
				A794A679177BEC8800D4F5DB /* MagicalRecord+ErrorHandling.m */,
				A794A67A177BEC8800D4F5DB /* MagicalRecord+iCloud.h */,
				A794A67B177BEC8800D4F5DB /* MagicalRecord+iCloud.m */,
				A794A67C177BEC8800D4F5DB /* MagicalRecord+Options.h */,
				A794A67D177BEC8800D4F5DB /* MagicalRecord+Options.m */,
				A794A67E177BEC8800D4F5DB /* MagicalRecord+Setup.h */,
				A794A67F177BEC8800D4F5DB /* MagicalRecord+Setup.m */,
				A794A680177BEC8800D4F5DB /* MagicalRecord+ShorthandSupport.h */,
				A794A681177BEC8800D4F5DB /* MagicalRecord+ShorthandSupport.m */,
				A794A682177BEC8800D4F5DB /* MagicalRecord.h */,
				A794A683177BEC8800D4F5DB /* MagicalRecord.m */,
				A794A684177BEC8800D4F5DB /* MagicalRecordShorthand.h */,
			);
			path = Core;
			sourceTree = "<group>";
		};
		A7ACFC93177A3773007D8F16 /* Airship */ = {
			isa = PBXGroup;
			children = (
				A7ACFC94177A3773007D8F16 /* libUAirship-1.4.0.a */,
			);
			path = Airship;
			sourceTree = "<group>";
		};
/* End PBXGroup section */

/* Begin PBXNativeTarget section */
		A7948D8B17738FFB005C3DC0 /* AddLockers */ = {
			isa = PBXNativeTarget;
			buildConfigurationList = A7948DAF17738FFC005C3DC0 /* Build configuration list for PBXNativeTarget "AddLockers" */;
			buildPhases = (
				A7948D8817738FFB005C3DC0 /* Sources */,
				A7948D8917738FFB005C3DC0 /* Frameworks */,
				A7948D8A17738FFB005C3DC0 /* Resources */,
			);
			buildRules = (
			);
			dependencies = (
			);
			name = AddLockers;
			productName = AddLockers;
			productReference = A7948D8C17738FFB005C3DC0 /* AddLockers.app */;
			productType = "com.apple.product-type.application";
		};
/* End PBXNativeTarget section */

/* Begin PBXProject section */
		A7948D8417738FFB005C3DC0 /* Project object */ = {
			isa = PBXProject;
			attributes = {
				LastUpgradeCheck = 0460;
				ORGANIZATIONNAME = self.edu;
			};
			buildConfigurationList = A7948D8717738FFB005C3DC0 /* Build configuration list for PBXProject "AddLockers" */;
			compatibilityVersion = "Xcode 3.2";
			developmentRegion = English;
			hasScannedForEncodings = 0;
			knownRegions = (
				en,
			);
			mainGroup = A7948D8317738FFB005C3DC0;
			productRefGroup = A7948D8D17738FFB005C3DC0 /* Products */;
			projectDirPath = "";
			projectRoot = "";
			targets = (
				A7948D8B17738FFB005C3DC0 /* AddLockers */,
			);
		};
/* End PBXProject section */

/* Begin PBXResourcesBuildPhase section */
		A7948D8A17738FFB005C3DC0 /* Resources */ = {
			isa = PBXResourcesBuildPhase;
			buildActionMask = 2147483647;
			files = (
				A7948D9A17738FFB005C3DC0 /* InfoPlist.strings in Resources */,
				A7948DA217738FFC005C3DC0 /* Default.png in Resources */,
				A7948DA417738FFC005C3DC0 /* Default@2x.png in Resources */,
				A7948DA617738FFC005C3DC0 /* Default-568h@2x.png in Resources */,
				A7948E151773A5DD005C3DC0 /* LockerListViewController.xib in Resources */,
				A7783309177A5A78006215FE /* CreateAccountViewController.xib in Resources */,
				A778330F177A5B8C006215FE /* SignInViewController.xib in Resources */,
				A7783315177A5BFF006215FE /* LockerHomeViewController.xib in Resources */,
				A778331B177A5C37006215FE /* SettingsViewController.xib in Resources */,
				A7783338177BD3D0006215FE /* PasswordFeedViewController.xib in Resources */,
				A778333E177BD8C7006215FE /* AddLockerViewController.xib in Resources */,
				A7783344177BE36D006215FE /* EditLockerViewController.xib in Resources */,
			);
			runOnlyForDeploymentPostprocessing = 0;
		};
/* End PBXResourcesBuildPhase section */

/* Begin PBXSourcesBuildPhase section */
		A7948D8817738FFB005C3DC0 /* Sources */ = {
			isa = PBXSourcesBuildPhase;
			buildActionMask = 2147483647;
			files = (
				A7948D9C17738FFB005C3DC0 /* main.m in Sources */,
				A7948E141773A5DD005C3DC0 /* LockerListViewController.m in Sources */,
				A77832FE177A43EA006215FE /* AppDelegate.m in Sources */,
				A7783308177A5A78006215FE /* CreateAccountViewController.m in Sources */,
				A778330E177A5B8C006215FE /* SignInViewController.m in Sources */,
				A7783314177A5BFF006215FE /* LockerHomeViewController.m in Sources */,
				A778331A177A5C37006215FE /* SettingsViewController.m in Sources */,
				A7783337177BD3D0006215FE /* PasswordFeedViewController.m in Sources */,
				A778333D177BD8C7006215FE /* AddLockerViewController.m in Sources */,
				A7783343177BE36D006215FE /* EditLockerViewController.m in Sources */,
				A794A686177BEC8800D4F5DB /* MagicalImportFunctions.m in Sources */,
				A794A687177BEC8800D4F5DB /* NSAttributeDescription+MagicalDataImport.m in Sources */,
				A794A688177BEC8800D4F5DB /* NSEntityDescription+MagicalDataImport.m in Sources */,
				A794A689177BEC8800D4F5DB /* NSNumber+MagicalDataImport.m in Sources */,
				A794A68A177BEC8800D4F5DB /* NSObject+MagicalDataImport.m in Sources */,
				A794A68B177BEC8800D4F5DB /* NSRelationshipDescription+MagicalDataImport.m in Sources */,
				A794A68C177BEC8800D4F5DB /* NSString+MagicalDataImport.m in Sources */,
				A794A68D177BEC8800D4F5DB /* NSManagedObject+MagicalAggregation.m in Sources */,
				A794A68E177BEC8800D4F5DB /* NSManagedObject+MagicalDataImport.m in Sources */,
				A794A68F177BEC8800D4F5DB /* NSManagedObject+MagicalFinders.m in Sources */,
				A794A690177BEC8800D4F5DB /* NSManagedObject+MagicalRecord.m in Sources */,
				A794A691177BEC8800D4F5DB /* NSManagedObject+MagicalRequests.m in Sources */,
				A794A692177BEC8800D4F5DB /* NSManagedObjectContext+MagicalObserving.m in Sources */,
				A794A693177BEC8800D4F5DB /* NSManagedObjectContext+MagicalRecord.m in Sources */,
				A794A694177BEC8800D4F5DB /* NSManagedObjectContext+MagicalSaves.m in Sources */,
				A794A695177BEC8800D4F5DB /* NSManagedObjectContext+MagicalThreading.m in Sources */,
				A794A696177BEC8800D4F5DB /* NSManagedObjectModel+MagicalRecord.m in Sources */,
				A794A697177BEC8800D4F5DB /* NSPersistentStore+MagicalRecord.m in Sources */,
				A794A698177BEC8800D4F5DB /* NSPersistentStoreCoordinator+MagicalRecord.m in Sources */,
				A794A699177BEC8800D4F5DB /* MagicalRecord+Actions.m in Sources */,
				A794A69A177BEC8800D4F5DB /* MagicalRecord+ErrorHandling.m in Sources */,
				A794A69B177BEC8800D4F5DB /* MagicalRecord+iCloud.m in Sources */,
				A794A69C177BEC8800D4F5DB /* MagicalRecord+Options.m in Sources */,
				A794A69D177BEC8800D4F5DB /* MagicalRecord+Setup.m in Sources */,
				A794A69E177BEC8800D4F5DB /* MagicalRecord+ShorthandSupport.m in Sources */,
				A794A69F177BEC8800D4F5DB /* MagicalRecord.m in Sources */,
				C569917F177E7E2C00BADE68 /* Model.xcdatamodeld in Sources */,
				C5AAAD69177E8BC900E560F1 /* LockerAccount.m in Sources */,
				C5AAAD6C177E8BC900E560F1 /* Category.m in Sources */,
			);
			runOnlyForDeploymentPostprocessing = 0;
		};
/* End PBXSourcesBuildPhase section */

/* Begin PBXVariantGroup section */
		A7948D9817738FFB005C3DC0 /* InfoPlist.strings */ = {
			isa = PBXVariantGroup;
			children = (
				A7948D9917738FFB005C3DC0 /* en */,
			);
			name = InfoPlist.strings;
			sourceTree = "<group>";
		};
/* End PBXVariantGroup section */

/* Begin XCBuildConfiguration section */
		A7948DAD17738FFC005C3DC0 /* Debug */ = {
			isa = XCBuildConfiguration;
			buildSettings = {
				ALWAYS_SEARCH_USER_PATHS = NO;
				CLANG_CXX_LANGUAGE_STANDARD = "gnu++0x";
				CLANG_CXX_LIBRARY = "libc++";
				CLANG_ENABLE_OBJC_ARC = YES;
				CLANG_WARN_CONSTANT_CONVERSION = YES;
				CLANG_WARN_EMPTY_BODY = YES;
				CLANG_WARN_ENUM_CONVERSION = YES;
				CLANG_WARN_INT_CONVERSION = YES;
				CLANG_WARN__DUPLICATE_METHOD_MATCH = YES;
				"CODE_SIGN_IDENTITY[sdk=iphoneos*]" = "iPhone Developer";
				COPY_PHASE_STRIP = NO;
				GCC_C_LANGUAGE_STANDARD = gnu99;
				GCC_DYNAMIC_NO_PIC = NO;
				GCC_OPTIMIZATION_LEVEL = 0;
				GCC_PREPROCESSOR_DEFINITIONS = (
					"DEBUG=1",
					"$(inherited)",
				);
				GCC_SYMBOLS_PRIVATE_EXTERN = NO;
				GCC_WARN_ABOUT_RETURN_TYPE = YES;
				GCC_WARN_UNINITIALIZED_AUTOS = YES;
				GCC_WARN_UNUSED_VARIABLE = YES;
				IPHONEOS_DEPLOYMENT_TARGET = 6.1;
				ONLY_ACTIVE_ARCH = YES;
				SDKROOT = iphoneos;
			};
			name = Debug;
		};
		A7948DAE17738FFC005C3DC0 /* Release */ = {
			isa = XCBuildConfiguration;
			buildSettings = {
				ALWAYS_SEARCH_USER_PATHS = NO;
				CLANG_CXX_LANGUAGE_STANDARD = "gnu++0x";
				CLANG_CXX_LIBRARY = "libc++";
				CLANG_ENABLE_OBJC_ARC = YES;
				CLANG_WARN_CONSTANT_CONVERSION = YES;
				CLANG_WARN_EMPTY_BODY = YES;
				CLANG_WARN_ENUM_CONVERSION = YES;
				CLANG_WARN_INT_CONVERSION = YES;
				CLANG_WARN__DUPLICATE_METHOD_MATCH = YES;
				"CODE_SIGN_IDENTITY[sdk=iphoneos*]" = "iPhone Developer";
				COPY_PHASE_STRIP = YES;
				GCC_C_LANGUAGE_STANDARD = gnu99;
				GCC_WARN_ABOUT_RETURN_TYPE = YES;
				GCC_WARN_UNINITIALIZED_AUTOS = YES;
				GCC_WARN_UNUSED_VARIABLE = YES;
				IPHONEOS_DEPLOYMENT_TARGET = 6.1;
				OTHER_CFLAGS = "-DNS_BLOCK_ASSERTIONS=1";
				SDKROOT = iphoneos;
				VALIDATE_PRODUCT = YES;
			};
			name = Release;
		};
		A7948DB017738FFC005C3DC0 /* Debug */ = {
			isa = XCBuildConfiguration;
			buildSettings = {
				FRAMEWORK_SEARCH_PATHS = (
					"$(inherited)",
					"\"$(SRCROOT)\"",
				);
				GCC_PRECOMPILE_PREFIX_HEADER = YES;
				GCC_PREFIX_HEADER = "AddLockers/AddLockers-Prefix.pch";
				INFOPLIST_FILE = "AddLockers/AddLockers-Info.plist";
				LIBRARY_SEARCH_PATHS = (
					"$(inherited)",
					"\"$(SRCROOT)/Airship\"",
				);
				OTHER_LDFLAGS = "-ObjC";
				PRODUCT_NAME = "$(TARGET_NAME)";
				WRAPPER_EXTENSION = app;
			};
			name = Debug;
		};
		A7948DB117738FFC005C3DC0 /* Release */ = {
			isa = XCBuildConfiguration;
			buildSettings = {
				FRAMEWORK_SEARCH_PATHS = (
					"$(inherited)",
					"\"$(SRCROOT)\"",
				);
				GCC_PRECOMPILE_PREFIX_HEADER = YES;
				GCC_PREFIX_HEADER = "AddLockers/AddLockers-Prefix.pch";
				INFOPLIST_FILE = "AddLockers/AddLockers-Info.plist";
				LIBRARY_SEARCH_PATHS = (
					"$(inherited)",
					"\"$(SRCROOT)/Airship\"",
				);
				OTHER_LDFLAGS = "-ObjC";
				PRODUCT_NAME = "$(TARGET_NAME)";
				WRAPPER_EXTENSION = app;
			};
			name = Release;
		};
/* End XCBuildConfiguration section */

/* Begin XCConfigurationList section */
		A7948D8717738FFB005C3DC0 /* Build configuration list for PBXProject "AddLockers" */ = {
			isa = XCConfigurationList;
			buildConfigurations = (
				A7948DAD17738FFC005C3DC0 /* Debug */,
				A7948DAE17738FFC005C3DC0 /* Release */,
			);
			defaultConfigurationIsVisible = 0;
			defaultConfigurationName = Release;
		};
		A7948DAF17738FFC005C3DC0 /* Build configuration list for PBXNativeTarget "AddLockers" */ = {
			isa = XCConfigurationList;
			buildConfigurations = (
				A7948DB017738FFC005C3DC0 /* Debug */,
				A7948DB117738FFC005C3DC0 /* Release */,
			);
			defaultConfigurationIsVisible = 0;
			defaultConfigurationName = Release;
		};
/* End XCConfigurationList section */

/* Begin XCVersionGroup section */
		C569917D177E7E2C00BADE68 /* Model.xcdatamodeld */ = {
			isa = XCVersionGroup;
			children = (
				C569917E177E7E2C00BADE68 /* Model.xcdatamodel */,
			);
			currentVersion = C569917E177E7E2C00BADE68 /* Model.xcdatamodel */;
			path = Model.xcdatamodeld;
			sourceTree = "<group>";
			versionGroupType = wrapper.xcdatamodel;
		};
/* End XCVersionGroup section */
	};
	rootObject = A7948D8417738FFB005C3DC0 /* Project object */;
}
